
Microsoft Visual Studio Solution File, Format Version 12.00
# Visual Studio Version 16
VisualStudioVersion = 16.0.30907.101
MinimumVisualStudioVersion = 10.0.40219.1
Project("{FAE04EC0-301F-11D3-BF4B-00C04F79EFBC}") = "jakes really cool chess program", "jakes really cool chess program\jakes really cool chess program.csproj", "{4A631A85-4C75-454E-85F1-17DB4A6E808D}"
EndProject
Global
	GlobalSection(SolutionConfigurationPlatforms) = preSolution
		Debug|Any CPU = Debug|Any CPU
		Release|Any CPU = Release|Any CPU
	EndGlobalSection
	GlobalSection(ProjectConfigurationPlatforms) = postSolution
		{4A631A85-4C75-454E-85F1-17DB4A6E808D}.Debug|Any CPU.ActiveCfg = Debug|Any CPU
		{4A631A85-4C75-454E-85F1-17DB4A6E808D}.Debug|Any CPU.Build.0 = Debug|Any CPU
		{4A631A85-4C75-454E-85F1-17DB4A6E808D}.Release|Any CPU.ActiveCfg = Release|Any CPU
		{4A631A85-4C75-454E-85F1-17DB4A6E808D}.Release|Any CPU.Build.0 = Release|Any CPU
	EndGlobalSection
	GlobalSection(SolutionProperties) = preSolution
		HideSolutionNode = FALSE
	EndGlobalSection
	GlobalSection(ExtensibilityGlobals) = postSolution
		SolutionGuid = {0BA19E4C-7EAD-49D4-AECD-6B89B974666D}
	EndGlobalSection
EndGlobal
